
Microsoft Visual Studio Solution File, Format Version 12.00
# Visual Studio 15
VisualStudioVersion = 15.0.28307.106
MinimumVisualStudioVersion = 10.0.40219.1
Project("{FAE04EC0-301F-11D3-BF4B-00C04F79EFBC}") = "Website", "Website\Website.csproj", "{5F313AB1-5ED7-4AD1-A5F2-FA8ECCEFF32F}"
EndProject
Global
	GlobalSection(SolutionConfigurationPlatforms) = preSolution
		Debug|Any CPU = Debug|Any CPU
		Release|Any CPU = Release|Any CPU
	EndGlobalSection
	GlobalSection(ProjectConfigurationPlatforms) = postSolution
		{5F313AB1-5ED7-4AD1-A5F2-FA8ECCEFF32F}.Debug|Any CPU.ActiveCfg = Debug|Any CPU
		{5F313AB1-5ED7-4AD1-A5F2-FA8ECCEFF32F}.Debug|Any CPU.Build.0 = Debug|Any CPU
		{5F313AB1-5ED7-4AD1-A5F2-FA8ECCEFF32F}.Release|Any CPU.ActiveCfg = Release|Any CPU
		{5F313AB1-5ED7-4AD1-A5F2-FA8ECCEFF32F}.Release|Any CPU.Build.0 = Release|Any CPU
	EndGlobalSection
	GlobalSection(SolutionProperties) = preSolution
		HideSolutionNode = FALSE
	EndGlobalSection
	GlobalSection(ExtensibilityGlobals) = postSolution
		SolutionGuid = {E4616326-AC3C-4CA9-9BB5-200B785B74C6}
	EndGlobalSection
EndGlobal
